
Microsoft Visual Studio Solution File, Format Version 12.00
# Visual Studio Version 16
VisualStudioVersion = 16.0.28315.86
MinimumVisualStudioVersion = 10.0.40219.1
Project("{2150E333-8FDC-42A3-9474-1A3956D46DE8}") = "Engine", "Engine", "{1597A208-4745-4CDA-A5FE-5F7D02208B08}"
EndProject
Project("{2150E333-8FDC-42A3-9474-1A3956D46DE8}") = "Games", "Games", "{300083AA-7728-419E-AE87-C75BE1248F82}"
EndProject
Project("{8BC9CEB8-8B4A-11D0-8D11-00A0C91BC942}") = "UE4", "Intermediate\ProjectFiles\UE4.vcxproj", "{2540E1DE-8DA2-4411-93A5-1D26886212C8}"
EndProject
Project("{8BC9CEB8-8B4A-11D0-8D11-00A0C91BC942}") = "Asistivna", "Intermediate\ProjectFiles\Asistivna.vcxproj", "{59460442-4A13-4786-AB84-773B1A22C120}"
EndProject
Project("{2150E333-8FDC-42A3-9474-1A3956D46DE8}") = "Visualizers", "Visualizers", "{3E66A82F-98A2-45D3-B23B-4F4D64CFCBE4}"
	ProjectSection(SolutionItems) = preProject
		..\..\..\..\..\Games\EpicGames\Games\Anno\UE_4.24\Engine\Extras\VisualStudioDebugging\UE4.natvis = ..\..\..\..\..\Games\EpicGames\Games\Anno\UE_4.24\Engine\Extras\VisualStudioDebugging\UE4.natvis
	EndProjectSection
EndProject
Global
	GlobalSection(SolutionConfigurationPlatforms) = preSolution
		DebugGame Editor|Win32 = DebugGame Editor|Win32
		DebugGame Editor|Win64 = DebugGame Editor|Win64
		DebugGame|Win32 = DebugGame|Win32
		DebugGame|Win64 = DebugGame|Win64
		Development Editor|Win32 = Development Editor|Win32
		Development Editor|Win64 = Development Editor|Win64
		Development|Win32 = Development|Win32
		Development|Win64 = Development|Win64
		Shipping|Win32 = Shipping|Win32
		Shipping|Win64 = Shipping|Win64
	EndGlobalSection
	GlobalSection(ProjectConfigurationPlatforms) = postSolution
		{2540E1DE-8DA2-4411-93A5-1D26886212C8}.DebugGame Editor|Win32.ActiveCfg = BuiltWithUnrealBuildTool|Win32
		{2540E1DE-8DA2-4411-93A5-1D26886212C8}.DebugGame Editor|Win64.ActiveCfg = BuiltWithUnrealBuildTool|Win32
		{2540E1DE-8DA2-4411-93A5-1D26886212C8}.DebugGame|Win32.ActiveCfg = BuiltWithUnrealBuildTool|Win32
		{2540E1DE-8DA2-4411-93A5-1D26886212C8}.DebugGame|Win64.ActiveCfg = BuiltWithUnrealBuildTool|Win32
		{2540E1DE-8DA2-4411-93A5-1D26886212C8}.Development Editor|Win32.ActiveCfg = BuiltWithUnrealBuildTool|Win32
		{2540E1DE-8DA2-4411-93A5-1D26886212C8}.Development Editor|Win64.ActiveCfg = BuiltWithUnrealBuildTool|Win32
		{2540E1DE-8DA2-4411-93A5-1D26886212C8}.Development|Win32.ActiveCfg = BuiltWithUnrealBuildTool|Win32
		{2540E1DE-8DA2-4411-93A5-1D26886212C8}.Development|Win64.ActiveCfg = BuiltWithUnrealBuildTool|Win32
		{2540E1DE-8DA2-4411-93A5-1D26886212C8}.Shipping|Win32.ActiveCfg = BuiltWithUnrealBuildTool|Win32
		{2540E1DE-8DA2-4411-93A5-1D26886212C8}.Shipping|Win64.ActiveCfg = BuiltWithUnrealBuildTool|Win32
		{59460442-4A13-4786-AB84-773B1A22C120}.DebugGame Editor|Win32.ActiveCfg = Invalid|Win32
		{59460442-4A13-4786-AB84-773B1A22C120}.DebugGame Editor|Win64.ActiveCfg = DebugGame_Editor|x64
		{59460442-4A13-4786-AB84-773B1A22C120}.DebugGame Editor|Win64.Build.0 = DebugGame_Editor|x64
		{59460442-4A13-4786-AB84-773B1A22C120}.DebugGame|Win32.ActiveCfg = DebugGame|Win32
		{59460442-4A13-4786-AB84-773B1A22C120}.DebugGame|Win32.Build.0 = DebugGame|Win32
		{59460442-4A13-4786-AB84-773B1A22C120}.DebugGame|Win64.ActiveCfg = DebugGame|x64
		{59460442-4A13-4786-AB84-773B1A22C120}.DebugGame|Win64.Build.0 = DebugGame|x64
		{59460442-4A13-4786-AB84-773B1A22C120}.Development Editor|Win32.ActiveCfg = Invalid|Win32
		{59460442-4A13-4786-AB84-773B1A22C120}.Development Editor|Win64.ActiveCfg = Development_Editor|x64
		{59460442-4A13-4786-AB84-773B1A22C120}.Development Editor|Win64.Build.0 = Development_Editor|x64
		{59460442-4A13-4786-AB84-773B1A22C120}.Development|Win32.ActiveCfg = Development|Win32
		{59460442-4A13-4786-AB84-773B1A22C120}.Development|Win32.Build.0 = Development|Win32
		{59460442-4A13-4786-AB84-773B1A22C120}.Development|Win64.ActiveCfg = Development|x64
		{59460442-4A13-4786-AB84-773B1A22C120}.Development|Win64.Build.0 = Development|x64
		{59460442-4A13-4786-AB84-773B1A22C120}.Shipping|Win32.ActiveCfg = Shipping|Win32
		{59460442-4A13-4786-AB84-773B1A22C120}.Shipping|Win32.Build.0 = Shipping|Win32
		{59460442-4A13-4786-AB84-773B1A22C120}.Shipping|Win64.ActiveCfg = Shipping|x64
		{59460442-4A13-4786-AB84-773B1A22C120}.Shipping|Win64.Build.0 = Shipping|x64
	EndGlobalSection
	GlobalSection(SolutionProperties) = preSolution
		HideSolutionNode = FALSE
	EndGlobalSection
	GlobalSection(NestedProjects) = preSolution
		{2540E1DE-8DA2-4411-93A5-1D26886212C8} = {1597A208-4745-4CDA-A5FE-5F7D02208B08}
		{59460442-4A13-4786-AB84-773B1A22C120} = {300083AA-7728-419E-AE87-C75BE1248F82}
	EndGlobalSection
EndGlobal
